
Microsoft Visual Studio Solution File, Format Version 11.00
# Visual Studio 2010
Project("{2150E333-8FDC-42A3-9474-1A3956D46DE8}") = "1.Presentation", "1.Presentation", "{86ADDD38-9C45-4F89-9C87-3BC3C6F2F5C2}"
EndProject
Project("{2150E333-8FDC-42A3-9474-1A3956D46DE8}") = "2.DataAccess", "2.DataAccess", "{251A5352-3DBB-437A-9FD5-2ED13924434E}"
EndProject
Project("{2150E333-8FDC-42A3-9474-1A3956D46DE8}") = "3.Model", "3.Model", "{8A2A9F1F-318D-44E8-8A31-DB153C8929BE}"
EndProject
Project("{2150E333-8FDC-42A3-9474-1A3956D46DE8}") = "4.Core", "4.Core", "{64FF3AA9-FF32-4C71-8453-45D3055367DD}"
EndProject
Project("{FAE04EC0-301F-11D3-BF4B-00C04F79EFBC}") = "CRM.WebApp", "CRM.Presentation\CRM.WebApp\CRM.WebApp.csproj", "{D7412C71-77D7-4848-ADC4-78A6439C8E37}"
EndProject
Project("{FAE04EC0-301F-11D3-BF4B-00C04F79EFBC}") = "CRM.Model", "CRM.Model\CRM.Model.csproj", "{BBAB4A56-F069-41F3-B1F0-4CDF1A98D59F}"
EndProject
Project("{FAE04EC0-301F-11D3-BF4B-00C04F79EFBC}") = "CRM.Core", "CRM.Core\CRM.Core.csproj", "{97C53F2B-82ED-4FC9-8091-B11485EB92CB}"
EndProject
Project("{FAE04EC0-301F-11D3-BF4B-00C04F79EFBC}") = "CRM.WebPortal", "CRM.Presentation\CRM.WebPortal\CRM.WebPortal.csproj", "{BB8E45A4-2828-448F-9F6E-58DD08B4A076}"
EndProject
Project("{FAE04EC0-301F-11D3-BF4B-00C04F79EFBC}") = "CRM.DataAccess", "CRM.DataAccess\CRM.DataAccess.csproj", "{4041A251-2668-4C35-9A35-414E8C5DE7CB}"
EndProject
Global
	GlobalSection(SolutionConfigurationPlatforms) = preSolution
		Debug|Any CPU = Debug|Any CPU
		Release|Any CPU = Release|Any CPU
	EndGlobalSection
	GlobalSection(ProjectConfigurationPlatforms) = postSolution
		{D7412C71-77D7-4848-ADC4-78A6439C8E37}.Debug|Any CPU.ActiveCfg = Debug|Any CPU
		{D7412C71-77D7-4848-ADC4-78A6439C8E37}.Debug|Any CPU.Build.0 = Debug|Any CPU
		{D7412C71-77D7-4848-ADC4-78A6439C8E37}.Release|Any CPU.ActiveCfg = Release|Any CPU
		{D7412C71-77D7-4848-ADC4-78A6439C8E37}.Release|Any CPU.Build.0 = Release|Any CPU
		{BBAB4A56-F069-41F3-B1F0-4CDF1A98D59F}.Debug|Any CPU.ActiveCfg = Debug|Any CPU
		{BBAB4A56-F069-41F3-B1F0-4CDF1A98D59F}.Debug|Any CPU.Build.0 = Debug|Any CPU
		{BBAB4A56-F069-41F3-B1F0-4CDF1A98D59F}.Release|Any CPU.ActiveCfg = Release|Any CPU
		{BBAB4A56-F069-41F3-B1F0-4CDF1A98D59F}.Release|Any CPU.Build.0 = Release|Any CPU
		{97C53F2B-82ED-4FC9-8091-B11485EB92CB}.Debug|Any CPU.ActiveCfg = Debug|Any CPU
		{97C53F2B-82ED-4FC9-8091-B11485EB92CB}.Debug|Any CPU.Build.0 = Debug|Any CPU
		{97C53F2B-82ED-4FC9-8091-B11485EB92CB}.Release|Any CPU.ActiveCfg = Release|Any CPU
		{97C53F2B-82ED-4FC9-8091-B11485EB92CB}.Release|Any CPU.Build.0 = Release|Any CPU
		{BB8E45A4-2828-448F-9F6E-58DD08B4A076}.Debug|Any CPU.ActiveCfg = Debug|Any CPU
		{BB8E45A4-2828-448F-9F6E-58DD08B4A076}.Debug|Any CPU.Build.0 = Debug|Any CPU
		{BB8E45A4-2828-448F-9F6E-58DD08B4A076}.Release|Any CPU.ActiveCfg = Release|Any CPU
		{BB8E45A4-2828-448F-9F6E-58DD08B4A076}.Release|Any CPU.Build.0 = Release|Any CPU
		{4041A251-2668-4C35-9A35-414E8C5DE7CB}.Debug|Any CPU.ActiveCfg = Debug|Any CPU
		{4041A251-2668-4C35-9A35-414E8C5DE7CB}.Debug|Any CPU.Build.0 = Debug|Any CPU
		{4041A251-2668-4C35-9A35-414E8C5DE7CB}.Release|Any CPU.ActiveCfg = Release|Any CPU
		{4041A251-2668-4C35-9A35-414E8C5DE7CB}.Release|Any CPU.Build.0 = Release|Any CPU
	EndGlobalSection
	GlobalSection(SolutionProperties) = preSolution
		HideSolutionNode = FALSE
	EndGlobalSection
	GlobalSection(NestedProjects) = preSolution
		{D7412C71-77D7-4848-ADC4-78A6439C8E37} = {86ADDD38-9C45-4F89-9C87-3BC3C6F2F5C2}
		{BB8E45A4-2828-448F-9F6E-58DD08B4A076} = {86ADDD38-9C45-4F89-9C87-3BC3C6F2F5C2}
		{4041A251-2668-4C35-9A35-414E8C5DE7CB} = {251A5352-3DBB-437A-9FD5-2ED13924434E}
		{BBAB4A56-F069-41F3-B1F0-4CDF1A98D59F} = {8A2A9F1F-318D-44E8-8A31-DB153C8929BE}
		{97C53F2B-82ED-4FC9-8091-B11485EB92CB} = {64FF3AA9-FF32-4C71-8453-45D3055367DD}
	EndGlobalSection
EndGlobal
